
Microsoft Visual Studio Solution File, Format Version 12.00
# Visual Studio 15
VisualStudioVersion = 15.0.27428.1
MinimumVisualStudioVersion = 10.0.40219.1
Project("{FAE04EC0-301F-11D3-BF4B-00C04F79EFBC}") = "WPFFirst", "WPFFirst\WPFFirst.csproj", "{E03E5506-35CB-4CC0-96F8-93507555FE9C}"
EndProject
Global
	GlobalSection(SolutionConfigurationPlatforms) = preSolution
		Debug|Any CPU = Debug|Any CPU
		Release|Any CPU = Release|Any CPU
	EndGlobalSection
	GlobalSection(ProjectConfigurationPlatforms) = postSolution
		{E03E5506-35CB-4CC0-96F8-93507555FE9C}.Debug|Any CPU.ActiveCfg = Debug|Any CPU
		{E03E5506-35CB-4CC0-96F8-93507555FE9C}.Debug|Any CPU.Build.0 = Debug|Any CPU
		{E03E5506-35CB-4CC0-96F8-93507555FE9C}.Release|Any CPU.ActiveCfg = Release|Any CPU
		{E03E5506-35CB-4CC0-96F8-93507555FE9C}.Release|Any CPU.Build.0 = Release|Any CPU
	EndGlobalSection
	GlobalSection(SolutionProperties) = preSolution
		HideSolutionNode = FALSE
	EndGlobalSection
	GlobalSection(ExtensibilityGlobals) = postSolution
		SolutionGuid = {8732525B-2E87-4E8B-AC45-B955A514B9E7}
	EndGlobalSection
EndGlobal
