
Microsoft Visual Studio Solution File, Format Version 12.00
# Visual Studio 15
VisualStudioVersion = 15.0.27428.1
MinimumVisualStudioVersion = 10.0.40219.1
Project("{FAE04EC0-301F-11D3-BF4B-00C04F79EFBC}") = "WPFPrivazki", "WPFPrivazki\WPFPrivazki.csproj", "{760D1E1F-B87F-4F07-A9FC-67F056E6C8EB}"
EndProject
Global
	GlobalSection(SolutionConfigurationPlatforms) = preSolution
		Debug|Any CPU = Debug|Any CPU
		Release|Any CPU = Release|Any CPU
	EndGlobalSection
	GlobalSection(ProjectConfigurationPlatforms) = postSolution
		{760D1E1F-B87F-4F07-A9FC-67F056E6C8EB}.Debug|Any CPU.ActiveCfg = Debug|Any CPU
		{760D1E1F-B87F-4F07-A9FC-67F056E6C8EB}.Debug|Any CPU.Build.0 = Debug|Any CPU
		{760D1E1F-B87F-4F07-A9FC-67F056E6C8EB}.Release|Any CPU.ActiveCfg = Release|Any CPU
		{760D1E1F-B87F-4F07-A9FC-67F056E6C8EB}.Release|Any CPU.Build.0 = Release|Any CPU
	EndGlobalSection
	GlobalSection(SolutionProperties) = preSolution
		HideSolutionNode = FALSE
	EndGlobalSection
	GlobalSection(ExtensibilityGlobals) = postSolution
		SolutionGuid = {76ED5E33-324E-47BB-83BC-8C383AF04739}
	EndGlobalSection
EndGlobal
