
Microsoft Visual Studio Solution File, Format Version 12.00
# Visual Studio 15
VisualStudioVersion = 15.0.27428.1
MinimumVisualStudioVersion = 10.0.40219.1
Project("{FAE04EC0-301F-11D3-BF4B-00C04F79EFBC}") = "WPFPatternMVVM", "WPFPatternMVVM\WPFPatternMVVM.csproj", "{4377EDF4-5F79-4B03-A86F-A7A79AF1CE10}"
EndProject
Global
	GlobalSection(SolutionConfigurationPlatforms) = preSolution
		Debug|Any CPU = Debug|Any CPU
		Release|Any CPU = Release|Any CPU
	EndGlobalSection
	GlobalSection(ProjectConfigurationPlatforms) = postSolution
		{4377EDF4-5F79-4B03-A86F-A7A79AF1CE10}.Debug|Any CPU.ActiveCfg = Debug|Any CPU
		{4377EDF4-5F79-4B03-A86F-A7A79AF1CE10}.Debug|Any CPU.Build.0 = Debug|Any CPU
		{4377EDF4-5F79-4B03-A86F-A7A79AF1CE10}.Release|Any CPU.ActiveCfg = Release|Any CPU
		{4377EDF4-5F79-4B03-A86F-A7A79AF1CE10}.Release|Any CPU.Build.0 = Release|Any CPU
	EndGlobalSection
	GlobalSection(SolutionProperties) = preSolution
		HideSolutionNode = FALSE
	EndGlobalSection
	GlobalSection(ExtensibilityGlobals) = postSolution
		SolutionGuid = {AE53A38F-B6BF-4DEE-BEE7-0A9AF117CB40}
	EndGlobalSection
EndGlobal
