
Microsoft Visual Studio Solution File, Format Version 12.00
# Visual Studio 15
VisualStudioVersion = 15.0.27428.1
MinimumVisualStudioVersion = 10.0.40219.1
Project("{FAE04EC0-301F-11D3-BF4B-00C04F79EFBC}") = "WPFElementMain", "WPFElementMain\WPFElementMain.csproj", "{8B8FAAA6-16FA-48AE-AC99-AAA39265DDF4}"
EndProject
Global
	GlobalSection(SolutionConfigurationPlatforms) = preSolution
		Debug|Any CPU = Debug|Any CPU
		Release|Any CPU = Release|Any CPU
	EndGlobalSection
	GlobalSection(ProjectConfigurationPlatforms) = postSolution
		{8B8FAAA6-16FA-48AE-AC99-AAA39265DDF4}.Debug|Any CPU.ActiveCfg = Debug|Any CPU
		{8B8FAAA6-16FA-48AE-AC99-AAA39265DDF4}.Debug|Any CPU.Build.0 = Debug|Any CPU
		{8B8FAAA6-16FA-48AE-AC99-AAA39265DDF4}.Release|Any CPU.ActiveCfg = Release|Any CPU
		{8B8FAAA6-16FA-48AE-AC99-AAA39265DDF4}.Release|Any CPU.Build.0 = Release|Any CPU
	EndGlobalSection
	GlobalSection(SolutionProperties) = preSolution
		HideSolutionNode = FALSE
	EndGlobalSection
	GlobalSection(ExtensibilityGlobals) = postSolution
		SolutionGuid = {A66DCF83-66BB-45E6-983C-6A43BE5DD5C7}
	EndGlobalSection
EndGlobal
